// !$*UTF8*$!
{
	archiveVersion = 1;
	classes = {
	};
	objectVersion = 55;
	objects = {

/* Begin PBXBuildFile section */
		AF06CA2D282E81060042C4DC /* AppDelegate.swift in Sources */ = {isa = PBXBuildFile; fileRef = AF06CA2C282E81060042C4DC /* AppDelegate.swift */; };
		AF06CA2F282E81060042C4DC /* SceneDelegate.swift in Sources */ = {isa = PBXBuildFile; fileRef = AF06CA2E282E81060042C4DC /* SceneDelegate.swift */; };
		AF06CA31282E81060042C4DC /* GameVC.swift in Sources */ = {isa = PBXBuildFile; fileRef = AF06CA30282E81060042C4DC /* GameVC.swift */; };
		AF06CA34282E81060042C4DC /* Main.storyboard in Resources */ = {isa = PBXBuildFile; fileRef = AF06CA32282E81060042C4DC /* Main.storyboard */; };
		AF06CA36282E81090042C4DC /* Assets.xcassets in Resources */ = {isa = PBXBuildFile; fileRef = AF06CA35282E81090042C4DC /* Assets.xcassets */; };
		AF06CA39282E81090042C4DC /* LaunchScreen.storyboard in Resources */ = {isa = PBXBuildFile; fileRef = AF06CA37282E81090042C4DC /* LaunchScreen.storyboard */; };
		AF06CA46282E8B830042C4DC /* MainMenuVC.swift in Sources */ = {isa = PBXBuildFile; fileRef = AF06CA45282E8B830042C4DC /* MainMenuVC.swift */; };
		AF78DE6E283799F000E50DC4 /* Difficulty.swift in Sources */ = {isa = PBXBuildFile; fileRef = AF78DE6D283799F000E50DC4 /* Difficulty.swift */; };
		AF78DE7128379CCC00E50DC4 /* SetQuestionStrategy.swift in Sources */ = {isa = PBXBuildFile; fileRef = AF78DE7028379CCC00E50DC4 /* SetQuestionStrategy.swift */; };
		AF78DE732838F6E800E50DC4 /* Observable.swift in Sources */ = {isa = PBXBuildFile; fileRef = AF78DE722838F6E800E50DC4 /* Observable.swift */; };
		AF78DE75283A712200E50DC4 /* AddQuestionVC.swift in Sources */ = {isa = PBXBuildFile; fileRef = AF78DE74283A712200E50DC4 /* AddQuestionVC.swift */; };
		AF78DE7B283A76A800E50DC4 /* AddQuestionCell.swift in Sources */ = {isa = PBXBuildFile; fileRef = AF78DE79283A76A800E50DC4 /* AddQuestionCell.swift */; };
		AF78DE7C283A76A800E50DC4 /* AddQuestionCell.xib in Resources */ = {isa = PBXBuildFile; fileRef = AF78DE7A283A76A800E50DC4 /* AddQuestionCell.xib */; };
		AF80310E282FDEC5004FFDC4 /* GameSession.swift in Sources */ = {isa = PBXBuildFile; fileRef = AF80310D282FDEC5004FFDC4 /* GameSession.swift */; };
		AF80311028338C03004FFDC4 /* Caretaker.swift in Sources */ = {isa = PBXBuildFile; fileRef = AF80310F28338C03004FFDC4 /* Caretaker.swift */; };
		AFDD3BFC282F8DBA0009EFB3 /* Game.swift in Sources */ = {isa = PBXBuildFile; fileRef = AFDD3BFB282F8DBA0009EFB3 /* Game.swift */; };
		AFDD3BFF282F90FA0009EFB3 /* RecordsTableVC.swift in Sources */ = {isa = PBXBuildFile; fileRef = AFDD3BFE282F90FA0009EFB3 /* RecordsTableVC.swift */; };
		AFDD770128350586008F5687 /* Questions.swift in Sources */ = {isa = PBXBuildFile; fileRef = AFDD770028350586008F5687 /* Questions.swift */; };
/* End PBXBuildFile section */

/* Begin PBXFileReference section */
		AF06CA29282E81060042C4DC /* WhoWantToBeAMillionaire.app */ = {isa = PBXFileReference; explicitFileType = wrapper.application; includeInIndex = 0; path = WhoWantToBeAMillionaire.app; sourceTree = BUILT_PRODUCTS_DIR; };
		AF06CA2C282E81060042C4DC /* AppDelegate.swift */ = {isa = PBXFileReference; lastKnownFileType = sourcecode.swift; path = AppDelegate.swift; sourceTree = "<group>"; };
		AF06CA2E282E81060042C4DC /* SceneDelegate.swift */ = {isa = PBXFileReference; lastKnownFileType = sourcecode.swift; path = SceneDelegate.swift; sourceTree = "<group>"; };
		AF06CA30282E81060042C4DC /* GameVC.swift */ = {isa = PBXFileReference; lastKnownFileType = sourcecode.swift; path = GameVC.swift; sourceTree = "<group>"; };
		AF06CA33282E81060042C4DC /* Base */ = {isa = PBXFileReference; lastKnownFileType = file.storyboard; name = Base; path = Base.lproj/Main.storyboard; sourceTree = "<group>"; };
		AF06CA35282E81090042C4DC /* Assets.xcassets */ = {isa = PBXFileReference; lastKnownFileType = folder.assetcatalog; path = Assets.xcassets; sourceTree = "<group>"; };
		AF06CA38282E81090042C4DC /* Base */ = {isa = PBXFileReference; lastKnownFileType = file.storyboard; name = Base; path = Base.lproj/LaunchScreen.storyboard; sourceTree = "<group>"; };
		AF06CA3A282E81090042C4DC /* Info.plist */ = {isa = PBXFileReference; lastKnownFileType = text.plist.xml; path = Info.plist; sourceTree = "<group>"; };
		AF06CA45282E8B830042C4DC /* MainMenuVC.swift */ = {isa = PBXFileReference; lastKnownFileType = sourcecode.swift; path = MainMenuVC.swift; sourceTree = "<group>"; };
		AF78DE6D283799F000E50DC4 /* Difficulty.swift */ = {isa = PBXFileReference; lastKnownFileType = sourcecode.swift; path = Difficulty.swift; sourceTree = "<group>"; };
		AF78DE7028379CCC00E50DC4 /* SetQuestionStrategy.swift */ = {isa = PBXFileReference; lastKnownFileType = sourcecode.swift; path = SetQuestionStrategy.swift; sourceTree = "<group>"; };
		AF78DE722838F6E800E50DC4 /* Observable.swift */ = {isa = PBXFileReference; lastKnownFileType = sourcecode.swift; path = Observable.swift; sourceTree = "<group>"; };
		AF78DE74283A712200E50DC4 /* AddQuestionVC.swift */ = {isa = PBXFileReference; lastKnownFileType = sourcecode.swift; path = AddQuestionVC.swift; sourceTree = "<group>"; };
		AF78DE79283A76A800E50DC4 /* AddQuestionCell.swift */ = {isa = PBXFileReference; lastKnownFileType = sourcecode.swift; path = AddQuestionCell.swift; sourceTree = "<group>"; };
		AF78DE7A283A76A800E50DC4 /* AddQuestionCell.xib */ = {isa = PBXFileReference; lastKnownFileType = file.xib; path = AddQuestionCell.xib; sourceTree = "<group>"; };
		AF80310D282FDEC5004FFDC4 /* GameSession.swift */ = {isa = PBXFileReference; lastKnownFileType = sourcecode.swift; path = GameSession.swift; sourceTree = "<group>"; };
		AF80310F28338C03004FFDC4 /* Caretaker.swift */ = {isa = PBXFileReference; lastKnownFileType = sourcecode.swift; path = Caretaker.swift; sourceTree = "<group>"; };
		AFDD3BFB282F8DBA0009EFB3 /* Game.swift */ = {isa = PBXFileReference; lastKnownFileType = sourcecode.swift; path = Game.swift; sourceTree = "<group>"; };
		AFDD3BFE282F90FA0009EFB3 /* RecordsTableVC.swift */ = {isa = PBXFileReference; lastKnownFileType = sourcecode.swift; path = RecordsTableVC.swift; sourceTree = "<group>"; };
		AFDD770028350586008F5687 /* Questions.swift */ = {isa = PBXFileReference; lastKnownFileType = sourcecode.swift; path = Questions.swift; sourceTree = "<group>"; };
/* End PBXFileReference section */

/* Begin PBXFrameworksBuildPhase section */
		AF06CA26282E81060042C4DC /* Frameworks */ = {
			isa = PBXFrameworksBuildPhase;
			buildActionMask = 2147483647;
			files = (
			);
			runOnlyForDeploymentPostprocessing = 0;
		};
/* End PBXFrameworksBuildPhase section */

/* Begin PBXGroup section */
		AF06CA20282E81060042C4DC = {
			isa = PBXGroup;
			children = (
				AF06CA2B282E81060042C4DC /* WhoWantToBeAMillionaire */,
				AF06CA2A282E81060042C4DC /* Products */,
			);
			sourceTree = "<group>";
		};
		AF06CA2A282E81060042C4DC /* Products */ = {
			isa = PBXGroup;
			children = (
				AF06CA29282E81060042C4DC /* WhoWantToBeAMillionaire.app */,
			);
			name = Products;
			sourceTree = "<group>";
		};
		AF06CA2B282E81060042C4DC /* WhoWantToBeAMillionaire */ = {
			isa = PBXGroup;
			children = (
				AFDD3BFD282F8DC60009EFB3 /* Extension */,
				AFDD77022835058B008F5687 /* Model */,
				AF78DE76283A762000E50DC4 /* Views */,
				AF78DE77283A763E00E50DC4 /* Source */,
				AF06CA3A282E81090042C4DC /* Info.plist */,
			);
			path = WhoWantToBeAMillionaire;
			sourceTree = "<group>";
		};
		AF06CA40282E87740042C4DC /* ViewControllers */ = {
			isa = PBXGroup;
			children = (
				AF06CA30282E81060042C4DC /* GameVC.swift */,
				AF06CA45282E8B830042C4DC /* MainMenuVC.swift */,
				AFDD3BFE282F90FA0009EFB3 /* RecordsTableVC.swift */,
				AF78DE74283A712200E50DC4 /* AddQuestionVC.swift */,
			);
			path = ViewControllers;
			sourceTree = "<group>";
		};
		AF78DE76283A762000E50DC4 /* Views */ = {
			isa = PBXGroup;
			children = (
				AF78DE78283A767D00E50DC4 /* ReusebleCells */,
				AF06CA40282E87740042C4DC /* ViewControllers */,
				AF06CA2E282E81060042C4DC /* SceneDelegate.swift */,
				AF06CA32282E81060042C4DC /* Main.storyboard */,
				AF06CA37282E81090042C4DC /* LaunchScreen.storyboard */,
			);
			path = Views;
			sourceTree = "<group>";
		};
		AF78DE77283A763E00E50DC4 /* Source */ = {
			isa = PBXGroup;
			children = (
				AF06CA2C282E81060042C4DC /* AppDelegate.swift */,
				AF06CA35282E81090042C4DC /* Assets.xcassets */,
			);
			path = Source;
			sourceTree = "<group>";
		};
		AF78DE78283A767D00E50DC4 /* ReusebleCells */ = {
			isa = PBXGroup;
			children = (
				AF78DE79283A76A800E50DC4 /* AddQuestionCell.swift */,
				AF78DE7A283A76A800E50DC4 /* AddQuestionCell.xib */,
			);
			path = ReusebleCells;
			sourceTree = "<group>";
		};
		AFDD3BFD282F8DC60009EFB3 /* Extension */ = {
			isa = PBXGroup;
			children = (
				AF80310D282FDEC5004FFDC4 /* GameSession.swift */,
				AF80310F28338C03004FFDC4 /* Caretaker.swift */,
				AF78DE6D283799F000E50DC4 /* Difficulty.swift */,
				AF78DE7028379CCC00E50DC4 /* SetQuestionStrategy.swift */,
				AF78DE722838F6E800E50DC4 /* Observable.swift */,
			);
			path = Extension;
			sourceTree = "<group>";
		};
		AFDD77022835058B008F5687 /* Model */ = {
			isa = PBXGroup;
			children = (
				AFDD3BFB282F8DBA0009EFB3 /* Game.swift */,
				AFDD770028350586008F5687 /* Questions.swift */,
			);
			path = Model;
			sourceTree = "<group>";
		};
/* End PBXGroup section */

/* Begin PBXNativeTarget section */
		AF06CA28282E81060042C4DC /* WhoWantToBeAMillionaire */ = {
			isa = PBXNativeTarget;
			buildConfigurationList = AF06CA3D282E81090042C4DC /* Build configuration list for PBXNativeTarget "WhoWantToBeAMillionaire" */;
			buildPhases = (
				AF06CA25282E81060042C4DC /* Sources */,
				AF06CA26282E81060042C4DC /* Frameworks */,
				AF06CA27282E81060042C4DC /* Resources */,
			);
			buildRules = (
			);
			dependencies = (
			);
			name = WhoWantToBeAMillionaire;
			productName = WhoWantToBeAMillionaire;
			productReference = AF06CA29282E81060042C4DC /* WhoWantToBeAMillionaire.app */;
			productType = "com.apple.product-type.application";
		};
/* End PBXNativeTarget section */

/* Begin PBXProject section */
		AF06CA21282E81060042C4DC /* Project object */ = {
			isa = PBXProject;
			attributes = {
				BuildIndependentTargetsInParallel = 1;
				LastSwiftUpdateCheck = 1330;
				LastUpgradeCheck = 1330;
				TargetAttributes = {
					AF06CA28282E81060042C4DC = {
						CreatedOnToolsVersion = 13.3.1;
					};
				};
			};
			buildConfigurationList = AF06CA24282E81060042C4DC /* Build configuration list for PBXProject "WhoWantToBeAMillionaire" */;
			compatibilityVersion = "Xcode 13.0";
			developmentRegion = en;
			hasScannedForEncodings = 0;
			knownRegions = (
				en,
				Base,
			);
			mainGroup = AF06CA20282E81060042C4DC;
			productRefGroup = AF06CA2A282E81060042C4DC /* Products */;
			projectDirPath = "";
			projectRoot = "";
			targets = (
				AF06CA28282E81060042C4DC /* WhoWantToBeAMillionaire */,
			);
		};
/* End PBXProject section */

/* Begin PBXResourcesBuildPhase section */
		AF06CA27282E81060042C4DC /* Resources */ = {
			isa = PBXResourcesBuildPhase;
			buildActionMask = 2147483647;
			files = (
				AF06CA39282E81090042C4DC /* LaunchScreen.storyboard in Resources */,
				AF78DE7C283A76A800E50DC4 /* AddQuestionCell.xib in Resources */,
				AF06CA36282E81090042C4DC /* Assets.xcassets in Resources */,
				AF06CA34282E81060042C4DC /* Main.storyboard in Resources */,
			);
			runOnlyForDeploymentPostprocessing = 0;
		};
/* End PBXResourcesBuildPhase section */

/* Begin PBXSourcesBuildPhase section */
		AF06CA25282E81060042C4DC /* Sources */ = {
			isa = PBXSourcesBuildPhase;
			buildActionMask = 2147483647;
			files = (
				AFDD770128350586008F5687 /* Questions.swift in Sources */,
				AF06CA31282E81060042C4DC /* GameVC.swift in Sources */,
				AF78DE7128379CCC00E50DC4 /* SetQuestionStrategy.swift in Sources */,
				AFDD3BFC282F8DBA0009EFB3 /* Game.swift in Sources */,
				AF78DE732838F6E800E50DC4 /* Observable.swift in Sources */,
				AFDD3BFF282F90FA0009EFB3 /* RecordsTableVC.swift in Sources */,
				AF06CA2D282E81060042C4DC /* AppDelegate.swift in Sources */,
				AF80310E282FDEC5004FFDC4 /* GameSession.swift in Sources */,
				AF80311028338C03004FFDC4 /* Caretaker.swift in Sources */,
				AF78DE7B283A76A800E50DC4 /* AddQuestionCell.swift in Sources */,
				AF78DE75283A712200E50DC4 /* AddQuestionVC.swift in Sources */,
				AF06CA2F282E81060042C4DC /* SceneDelegate.swift in Sources */,
				AF06CA46282E8B830042C4DC /* MainMenuVC.swift in Sources */,
				AF78DE6E283799F000E50DC4 /* Difficulty.swift in Sources */,
			);
			runOnlyForDeploymentPostprocessing = 0;
		};
/* End PBXSourcesBuildPhase section */

/* Begin PBXVariantGroup section */
		AF06CA32282E81060042C4DC /* Main.storyboard */ = {
			isa = PBXVariantGroup;
			children = (
				AF06CA33282E81060042C4DC /* Base */,
			);
			name = Main.storyboard;
			sourceTree = "<group>";
		};
		AF06CA37282E81090042C4DC /* LaunchScreen.storyboard */ = {
			isa = PBXVariantGroup;
			children = (
				AF06CA38282E81090042C4DC /* Base */,
			);
			name = LaunchScreen.storyboard;
			sourceTree = "<group>";
		};
/* End PBXVariantGroup section */

/* Begin XCBuildConfiguration section */
		AF06CA3B282E81090042C4DC /* Debug */ = {
			isa = XCBuildConfiguration;
			buildSettings = {
				ALWAYS_SEARCH_USER_PATHS = NO;
				CLANG_ANALYZER_NONNULL = YES;
				CLANG_ANALYZER_NUMBER_OBJECT_CONVERSION = YES_AGGRESSIVE;
				CLANG_CXX_LANGUAGE_STANDARD = "gnu++17";
				CLANG_ENABLE_MODULES = YES;
				CLANG_ENABLE_OBJC_ARC = YES;
				CLANG_ENABLE_OBJC_WEAK = YES;
				CLANG_WARN_BLOCK_CAPTURE_AUTORELEASING = YES;
				CLANG_WARN_BOOL_CONVERSION = YES;
				CLANG_WARN_COMMA = YES;
				CLANG_WARN_CONSTANT_CONVERSION = YES;
				CLANG_WARN_DEPRECATED_OBJC_IMPLEMENTATIONS = YES;
				CLANG_WARN_DIRECT_OBJC_ISA_USAGE = YES_ERROR;
				CLANG_WARN_DOCUMENTATION_COMMENTS = YES;
				CLANG_WARN_EMPTY_BODY = YES;
				CLANG_WARN_ENUM_CONVERSION = YES;
				CLANG_WARN_INFINITE_RECURSION = YES;
				CLANG_WARN_INT_CONVERSION = YES;
				CLANG_WARN_NON_LITERAL_NULL_CONVERSION = YES;
				CLANG_WARN_OBJC_IMPLICIT_RETAIN_SELF = YES;
				CLANG_WARN_OBJC_LITERAL_CONVERSION = YES;
				CLANG_WARN_OBJC_ROOT_CLASS = YES_ERROR;
				CLANG_WARN_QUOTED_INCLUDE_IN_FRAMEWORK_HEADER = YES;
				CLANG_WARN_RANGE_LOOP_ANALYSIS = YES;
				CLANG_WARN_STRICT_PROTOTYPES = YES;
				CLANG_WARN_SUSPICIOUS_MOVE = YES;
				CLANG_WARN_UNGUARDED_AVAILABILITY = YES_AGGRESSIVE;
				CLANG_WARN_UNREACHABLE_CODE = YES;
				CLANG_WARN__DUPLICATE_METHOD_MATCH = YES;
				COPY_PHASE_STRIP = NO;
				DEBUG_INFORMATION_FORMAT = dwarf;
				ENABLE_STRICT_OBJC_MSGSEND = YES;
				ENABLE_TESTABILITY = YES;
				GCC_C_LANGUAGE_STANDARD = gnu11;
				GCC_DYNAMIC_NO_PIC = NO;
				GCC_NO_COMMON_BLOCKS = YES;
				GCC_OPTIMIZATION_LEVEL = 0;
				GCC_PREPROCESSOR_DEFINITIONS = (
					"DEBUG=1",
					"$(inherited)",
				);
				GCC_WARN_64_TO_32_BIT_CONVERSION = YES;
				GCC_WARN_ABOUT_RETURN_TYPE = YES_ERROR;
				GCC_WARN_UNDECLARED_SELECTOR = YES;
				GCC_WARN_UNINITIALIZED_AUTOS = YES_AGGRESSIVE;
				GCC_WARN_UNUSED_FUNCTION = YES;
				GCC_WARN_UNUSED_VARIABLE = YES;
				IPHONEOS_DEPLOYMENT_TARGET = 15.4;
				MTL_ENABLE_DEBUG_INFO = INCLUDE_SOURCE;
				MTL_FAST_MATH = YES;
				ONLY_ACTIVE_ARCH = YES;
				SDKROOT = iphoneos;
				SWIFT_ACTIVE_COMPILATION_CONDITIONS = DEBUG;
				SWIFT_OPTIMIZATION_LEVEL = "-Onone";
			};
			name = Debug;
		};
		AF06CA3C282E81090042C4DC /* Release */ = {
			isa = XCBuildConfiguration;
			buildSettings = {
				ALWAYS_SEARCH_USER_PATHS = NO;
				CLANG_ANALYZER_NONNULL = YES;
				CLANG_ANALYZER_NUMBER_OBJECT_CONVERSION = YES_AGGRESSIVE;
				CLANG_CXX_LANGUAGE_STANDARD = "gnu++17";
				CLANG_ENABLE_MODULES = YES;
				CLANG_ENABLE_OBJC_ARC = YES;
				CLANG_ENABLE_OBJC_WEAK = YES;
				CLANG_WARN_BLOCK_CAPTURE_AUTORELEASING = YES;
				CLANG_WARN_BOOL_CONVERSION = YES;
				CLANG_WARN_COMMA = YES;
				CLANG_WARN_CONSTANT_CONVERSION = YES;
				CLANG_WARN_DEPRECATED_OBJC_IMPLEMENTATIONS = YES;
				CLANG_WARN_DIRECT_OBJC_ISA_USAGE = YES_ERROR;
				CLANG_WARN_DOCUMENTATION_COMMENTS = YES;
				CLANG_WARN_EMPTY_BODY = YES;
				CLANG_WARN_ENUM_CONVERSION = YES;
				CLANG_WARN_INFINITE_RECURSION = YES;
				CLANG_WARN_INT_CONVERSION = YES;
				CLANG_WARN_NON_LITERAL_NULL_CONVERSION = YES;
				CLANG_WARN_OBJC_IMPLICIT_RETAIN_SELF = YES;
				CLANG_WARN_OBJC_LITERAL_CONVERSION = YES;
				CLANG_WARN_OBJC_ROOT_CLASS = YES_ERROR;
				CLANG_WARN_QUOTED_INCLUDE_IN_FRAMEWORK_HEADER = YES;
				CLANG_WARN_RANGE_LOOP_ANALYSIS = YES;
				CLANG_WARN_STRICT_PROTOTYPES = YES;
				CLANG_WARN_SUSPICIOUS_MOVE = YES;
				CLANG_WARN_UNGUARDED_AVAILABILITY = YES_AGGRESSIVE;
				CLANG_WARN_UNREACHABLE_CODE = YES;
				CLANG_WARN__DUPLICATE_METHOD_MATCH = YES;
				COPY_PHASE_STRIP = NO;
				DEBUG_INFORMATION_FORMAT = "dwarf-with-dsym";
				ENABLE_NS_ASSERTIONS = NO;
				ENABLE_STRICT_OBJC_MSGSEND = YES;
				GCC_C_LANGUAGE_STANDARD = gnu11;
				GCC_NO_COMMON_BLOCKS = YES;
				GCC_WARN_64_TO_32_BIT_CONVERSION = YES;
				GCC_WARN_ABOUT_RETURN_TYPE = YES_ERROR;
				GCC_WARN_UNDECLARED_SELECTOR = YES;
				GCC_WARN_UNINITIALIZED_AUTOS = YES_AGGRESSIVE;
				GCC_WARN_UNUSED_FUNCTION = YES;
				GCC_WARN_UNUSED_VARIABLE = YES;
				IPHONEOS_DEPLOYMENT_TARGET = 15.4;
				MTL_ENABLE_DEBUG_INFO = NO;
				MTL_FAST_MATH = YES;
				SDKROOT = iphoneos;
				SWIFT_COMPILATION_MODE = wholemodule;
				SWIFT_OPTIMIZATION_LEVEL = "-O";
				VALIDATE_PRODUCT = YES;
			};
			name = Release;
		};
		AF06CA3E282E81090042C4DC /* Debug */ = {
			isa = XCBuildConfiguration;
			buildSettings = {
				ASSETCATALOG_COMPILER_APPICON_NAME = AppIcon;
				ASSETCATALOG_COMPILER_GLOBAL_ACCENT_COLOR_NAME = AccentColor;
				CODE_SIGN_STYLE = Automatic;
				CURRENT_PROJECT_VERSION = 1;
				DEVELOPMENT_TEAM = ZU4J9YA52M;
				GENERATE_INFOPLIST_FILE = YES;
				INFOPLIST_FILE = WhoWantToBeAMillionaire/Info.plist;
				INFOPLIST_KEY_UIApplicationSupportsIndirectInputEvents = YES;
				INFOPLIST_KEY_UILaunchStoryboardName = LaunchScreen;
				INFOPLIST_KEY_UIMainStoryboardFile = Main;
				INFOPLIST_KEY_UISupportedInterfaceOrientations_iPad = "UIInterfaceOrientationPortrait UIInterfaceOrientationPortraitUpsideDown UIInterfaceOrientationLandscapeLeft UIInterfaceOrientationLandscapeRight";
				INFOPLIST_KEY_UISupportedInterfaceOrientations_iPhone = "UIInterfaceOrientationPortrait UIInterfaceOrientationLandscapeLeft UIInterfaceOrientationLandscapeRight";
				LD_RUNPATH_SEARCH_PATHS = (
					"$(inherited)",
					"@executable_path/Frameworks",
				);
				MARKETING_VERSION = 1.0;
				PRODUCT_BUNDLE_IDENTIFIER = Personal.WhoWantToBeAMillionaire;
				PRODUCT_NAME = "$(TARGET_NAME)";
				SWIFT_EMIT_LOC_STRINGS = YES;
				SWIFT_VERSION = 5.0;
				TARGETED_DEVICE_FAMILY = "1,2";
			};
			name = Debug;
		};
		AF06CA3F282E81090042C4DC /* Release */ = {
			isa = XCBuildConfiguration;
			buildSettings = {
				ASSETCATALOG_COMPILER_APPICON_NAME = AppIcon;
				ASSETCATALOG_COMPILER_GLOBAL_ACCENT_COLOR_NAME = AccentColor;
				CODE_SIGN_STYLE = Automatic;
				CURRENT_PROJECT_VERSION = 1;
				DEVELOPMENT_TEAM = ZU4J9YA52M;
				GENERATE_INFOPLIST_FILE = YES;
				INFOPLIST_FILE = WhoWantToBeAMillionaire/Info.plist;
				INFOPLIST_KEY_UIApplicationSupportsIndirectInputEvents = YES;
				INFOPLIST_KEY_UILaunchStoryboardName = LaunchScreen;
				INFOPLIST_KEY_UIMainStoryboardFile = Main;
				INFOPLIST_KEY_UISupportedInterfaceOrientations_iPad = "UIInterfaceOrientationPortrait UIInterfaceOrientationPortraitUpsideDown UIInterfaceOrientationLandscapeLeft UIInterfaceOrientationLandscapeRight";
				INFOPLIST_KEY_UISupportedInterfaceOrientations_iPhone = "UIInterfaceOrientationPortrait UIInterfaceOrientationLandscapeLeft UIInterfaceOrientationLandscapeRight";
				LD_RUNPATH_SEARCH_PATHS = (
					"$(inherited)",
					"@executable_path/Frameworks",
				);
				MARKETING_VERSION = 1.0;
				PRODUCT_BUNDLE_IDENTIFIER = Personal.WhoWantToBeAMillionaire;
				PRODUCT_NAME = "$(TARGET_NAME)";
				SWIFT_EMIT_LOC_STRINGS = YES;
				SWIFT_VERSION = 5.0;
				TARGETED_DEVICE_FAMILY = "1,2";
			};
			name = Release;
		};
/* End XCBuildConfiguration section */

/* Begin XCConfigurationList section */
		AF06CA24282E81060042C4DC /* Build configuration list for PBXProject "WhoWantToBeAMillionaire" */ = {
			isa = XCConfigurationList;
			buildConfigurations = (
				AF06CA3B282E81090042C4DC /* Debug */,
				AF06CA3C282E81090042C4DC /* Release */,
			);
			defaultConfigurationIsVisible = 0;
			defaultConfigurationName = Release;
		};
		AF06CA3D282E81090042C4DC /* Build configuration list for PBXNativeTarget "WhoWantToBeAMillionaire" */ = {
			isa = XCConfigurationList;
			buildConfigurations = (
				AF06CA3E282E81090042C4DC /* Debug */,
				AF06CA3F282E81090042C4DC /* Release */,
			);
			defaultConfigurationIsVisible = 0;
			defaultConfigurationName = Release;
		};
/* End XCConfigurationList section */
	};
	rootObject = AF06CA21282E81060042C4DC /* Project object */;
}
